
Microsoft Visual Studio Solution File, Format Version 12.00
# Visual Studio 2012
Project("{FAE04EC0-301F-11D3-BF4B-00C04F79EFBC}") = "NTTTube.FTP", "NTTTube.FTP\NTTTube.FTP.csproj", "{D7AD7A68-925B-416C-BCED-6771063631D9}"
EndProject
Project("{FAE04EC0-301F-11D3-BF4B-00C04F79EFBC}") = "NTTTube.Elastic", "NTTTube.Elastic\NTTTube.Elastic.csproj", "{E2AAEB1C-05F5-40BA-A399-23C62DC08C1A}"
EndProject
Project("{FAE04EC0-301F-11D3-BF4B-00C04F79EFBC}") = "NTTTube.Stream", "NTTTube.Stream\NTTTube.Stream.csproj", "{5B327D82-561A-4EFE-BEE0-AF97D0B3CCE1}"
EndProject
Project("{FAE04EC0-301F-11D3-BF4B-00C04F79EFBC}") = "NTTTube.DB", "NTTTube.DB\NTTTube.DB.csproj", "{4067A0CB-C933-4293-BE1A-35394ACC285B}"
EndProject
Project("{FAE04EC0-301F-11D3-BF4B-00C04F79EFBC}") = "test", "test\test.csproj", "{12971E48-96EF-4681-96D4-72BA147172FC}"
EndProject
Project("{2150E333-8FDC-42A3-9474-1A3956D46DE8}") = "lib", "lib", "{624D0DA8-4A2B-4776-829E-78C8F0DE1F34}"
	ProjectSection(SolutionItems) = preProject
		lib\MongoDB.Bson.dll = lib\MongoDB.Bson.dll
		lib\MongoDB.Driver.dll = lib\MongoDB.Driver.dll
	EndProjectSection
EndProject
Project("{FAE04EC0-301F-11D3-BF4B-00C04F79EFBC}") = "NTTTube.Web", "NTTTube.Web\NTTTube.Web.csproj", "{170C7594-39C1-4DB2-AF2F-541CF2E98B6C}"
EndProject
Project("{FAE04EC0-301F-11D3-BF4B-00C04F79EFBC}") = "NTTTube.Model", "NTTTube.Model\NTTTube.Model.csproj", "{A21E7DA4-9F69-4A8D-B6F2-E1D64E40084F}"
EndProject
Global
	GlobalSection(SolutionConfigurationPlatforms) = preSolution
		Debug|Any CPU = Debug|Any CPU
		Release|Any CPU = Release|Any CPU
	EndGlobalSection
	GlobalSection(ProjectConfigurationPlatforms) = postSolution
		{D7AD7A68-925B-416C-BCED-6771063631D9}.Debug|Any CPU.ActiveCfg = Debug|Any CPU
		{D7AD7A68-925B-416C-BCED-6771063631D9}.Debug|Any CPU.Build.0 = Debug|Any CPU
		{D7AD7A68-925B-416C-BCED-6771063631D9}.Release|Any CPU.ActiveCfg = Release|Any CPU
		{D7AD7A68-925B-416C-BCED-6771063631D9}.Release|Any CPU.Build.0 = Release|Any CPU
		{E2AAEB1C-05F5-40BA-A399-23C62DC08C1A}.Debug|Any CPU.ActiveCfg = Debug|Any CPU
		{E2AAEB1C-05F5-40BA-A399-23C62DC08C1A}.Debug|Any CPU.Build.0 = Debug|Any CPU
		{E2AAEB1C-05F5-40BA-A399-23C62DC08C1A}.Release|Any CPU.ActiveCfg = Release|Any CPU
		{E2AAEB1C-05F5-40BA-A399-23C62DC08C1A}.Release|Any CPU.Build.0 = Release|Any CPU
		{5B327D82-561A-4EFE-BEE0-AF97D0B3CCE1}.Debug|Any CPU.ActiveCfg = Debug|Any CPU
		{5B327D82-561A-4EFE-BEE0-AF97D0B3CCE1}.Debug|Any CPU.Build.0 = Debug|Any CPU
		{5B327D82-561A-4EFE-BEE0-AF97D0B3CCE1}.Release|Any CPU.ActiveCfg = Release|Any CPU
		{5B327D82-561A-4EFE-BEE0-AF97D0B3CCE1}.Release|Any CPU.Build.0 = Release|Any CPU
		{4067A0CB-C933-4293-BE1A-35394ACC285B}.Debug|Any CPU.ActiveCfg = Debug|Any CPU
		{4067A0CB-C933-4293-BE1A-35394ACC285B}.Debug|Any CPU.Build.0 = Debug|Any CPU
		{4067A0CB-C933-4293-BE1A-35394ACC285B}.Release|Any CPU.ActiveCfg = Release|Any CPU
		{4067A0CB-C933-4293-BE1A-35394ACC285B}.Release|Any CPU.Build.0 = Release|Any CPU
		{12971E48-96EF-4681-96D4-72BA147172FC}.Debug|Any CPU.ActiveCfg = Debug|Any CPU
		{12971E48-96EF-4681-96D4-72BA147172FC}.Debug|Any CPU.Build.0 = Debug|Any CPU
		{12971E48-96EF-4681-96D4-72BA147172FC}.Release|Any CPU.ActiveCfg = Release|Any CPU
		{12971E48-96EF-4681-96D4-72BA147172FC}.Release|Any CPU.Build.0 = Release|Any CPU
		{170C7594-39C1-4DB2-AF2F-541CF2E98B6C}.Debug|Any CPU.ActiveCfg = Debug|Any CPU
		{170C7594-39C1-4DB2-AF2F-541CF2E98B6C}.Debug|Any CPU.Build.0 = Debug|Any CPU
		{170C7594-39C1-4DB2-AF2F-541CF2E98B6C}.Release|Any CPU.ActiveCfg = Release|Any CPU
		{170C7594-39C1-4DB2-AF2F-541CF2E98B6C}.Release|Any CPU.Build.0 = Release|Any CPU
		{A21E7DA4-9F69-4A8D-B6F2-E1D64E40084F}.Debug|Any CPU.ActiveCfg = Debug|Any CPU
		{A21E7DA4-9F69-4A8D-B6F2-E1D64E40084F}.Debug|Any CPU.Build.0 = Debug|Any CPU
		{A21E7DA4-9F69-4A8D-B6F2-E1D64E40084F}.Release|Any CPU.ActiveCfg = Release|Any CPU
		{A21E7DA4-9F69-4A8D-B6F2-E1D64E40084F}.Release|Any CPU.Build.0 = Release|Any CPU
	EndGlobalSection
	GlobalSection(SolutionProperties) = preSolution
		HideSolutionNode = FALSE
	EndGlobalSection
EndGlobal
